
Microsoft Visual Studio Solution File, Format Version 12.00
# Visual Studio 15
VisualStudioVersion = 15.0.27428.2037
MinimumVisualStudioVersion = 10.0.40219.1
Project("{8BC9CEB8-8B4A-11D0-8D11-00A0C91BC942}") = "obml-renderer", "obml-renderer.vcxproj", "{5CFE78DA-078E-4D25-B37F-D47194508820}"
EndProject
Global
	GlobalSection(SolutionConfigurationPlatforms) = preSolution
		Debug|x86 = Debug|x86
		Release|x86 = Release|x86
	EndGlobalSection
	GlobalSection(ProjectConfigurationPlatforms) = postSolution
		{5CFE78DA-078E-4D25-B37F-D47194508820}.Debug|x86.ActiveCfg = Debug|Win32
		{5CFE78DA-078E-4D25-B37F-D47194508820}.Debug|x86.Build.0 = Debug|Win32
		{5CFE78DA-078E-4D25-B37F-D47194508820}.Release|x86.ActiveCfg = Release|Win32
		{5CFE78DA-078E-4D25-B37F-D47194508820}.Release|x86.Build.0 = Release|Win32
	EndGlobalSection
	GlobalSection(SolutionProperties) = preSolution
		HideSolutionNode = FALSE
	EndGlobalSection
	GlobalSection(ExtensibilityGlobals) = postSolution
		SolutionGuid = {D07D71B8-BA67-4AD2-B89A-9A6A6E37D793}
	EndGlobalSection
EndGlobal
